// !$*UTF8*$!
{
	archiveVersion = 1;
	classes = {
	};
	objectVersion = 50;
	objects = {

/* Begin PBXBuildFile section */
		CC8FCDF922DF8AB900550D3A /* AppDelegate.swift in Sources */ = {isa = PBXBuildFile; fileRef = CC8FCDF822DF8AB900550D3A /* AppDelegate.swift */; };
		CC8FCDFB22DF8AB900550D3A /* ViewController.swift in Sources */ = {isa = PBXBuildFile; fileRef = CC8FCDFA22DF8AB900550D3A /* ViewController.swift */; };
		CC8FCDFE22DF8AB900550D3A /* Main.storyboard in Resources */ = {isa = PBXBuildFile; fileRef = CC8FCDFC22DF8AB900550D3A /* Main.storyboard */; };
		CC8FCE0122DF8AB900550D3A /* Daily_Inspo_Tiff.xcdatamodeld in Sources */ = {isa = PBXBuildFile; fileRef = CC8FCDFF22DF8AB900550D3A /* Daily_Inspo_Tiff.xcdatamodeld */; };
		CC8FCE0322DF8AC000550D3A /* Assets.xcassets in Resources */ = {isa = PBXBuildFile; fileRef = CC8FCE0222DF8AC000550D3A /* Assets.xcassets */; };
		CC8FCE0622DF8AC000550D3A /* LaunchScreen.storyboard in Resources */ = {isa = PBXBuildFile; fileRef = CC8FCE0422DF8AC000550D3A /* LaunchScreen.storyboard */; };
/* End PBXBuildFile section */

/* Begin PBXFileReference section */
		CC8FCDF522DF8AB900550D3A /* Daily Inspo Tiff.app */ = {isa = PBXFileReference; explicitFileType = wrapper.application; includeInIndex = 0; path = "Daily Inspo Tiff.app"; sourceTree = BUILT_PRODUCTS_DIR; };
		CC8FCDF822DF8AB900550D3A /* AppDelegate.swift */ = {isa = PBXFileReference; lastKnownFileType = sourcecode.swift; path = AppDelegate.swift; sourceTree = "<group>"; };
		CC8FCDFA22DF8AB900550D3A /* ViewController.swift */ = {isa = PBXFileReference; lastKnownFileType = sourcecode.swift; path = ViewController.swift; sourceTree = "<group>"; };
		CC8FCDFD22DF8AB900550D3A /* Base */ = {isa = PBXFileReference; lastKnownFileType = file.storyboard; name = Base; path = Base.lproj/Main.storyboard; sourceTree = "<group>"; };
		CC8FCE0022DF8AB900550D3A /* Daily_Inspo_Tiff.xcdatamodel */ = {isa = PBXFileReference; lastKnownFileType = wrapper.xcdatamodel; path = Daily_Inspo_Tiff.xcdatamodel; sourceTree = "<group>"; };
		CC8FCE0222DF8AC000550D3A /* Assets.xcassets */ = {isa = PBXFileReference; lastKnownFileType = folder.assetcatalog; path = Assets.xcassets; sourceTree = "<group>"; };
		CC8FCE0522DF8AC000550D3A /* Base */ = {isa = PBXFileReference; lastKnownFileType = file.storyboard; name = Base; path = Base.lproj/LaunchScreen.storyboard; sourceTree = "<group>"; };
		CC8FCE0722DF8AC000550D3A /* Info.plist */ = {isa = PBXFileReference; lastKnownFileType = text.plist.xml; path = Info.plist; sourceTree = "<group>"; };
/* End PBXFileReference section */

/* Begin PBXFrameworksBuildPhase section */
		CC8FCDF222DF8AB900550D3A /* Frameworks */ = {
			isa = PBXFrameworksBuildPhase;
			buildActionMask = 2147483647;
			files = (
			);
			runOnlyForDeploymentPostprocessing = 0;
		};
/* End PBXFrameworksBuildPhase section */

/* Begin PBXGroup section */
		CC8FCDEC22DF8AB900550D3A = {
			isa = PBXGroup;
			children = (
				CC8FCDF722DF8AB900550D3A /* Daily Inspo Tiff */,
				CC8FCDF622DF8AB900550D3A /* Products */,
			);
			sourceTree = "<group>";
		};
		CC8FCDF622DF8AB900550D3A /* Products */ = {
			isa = PBXGroup;
			children = (
				CC8FCDF522DF8AB900550D3A /* Daily Inspo Tiff.app */,
			);
			name = Products;
			sourceTree = "<group>";
		};
		CC8FCDF722DF8AB900550D3A /* Daily Inspo Tiff */ = {
			isa = PBXGroup;
			children = (
				CC8FCDF822DF8AB900550D3A /* AppDelegate.swift */,
				CC8FCDFA22DF8AB900550D3A /* ViewController.swift */,
				CC8FCDFC22DF8AB900550D3A /* Main.storyboard */,
				CC8FCE0222DF8AC000550D3A /* Assets.xcassets */,
				CC8FCE0422DF8AC000550D3A /* LaunchScreen.storyboard */,
				CC8FCE0722DF8AC000550D3A /* Info.plist */,
				CC8FCDFF22DF8AB900550D3A /* Daily_Inspo_Tiff.xcdatamodeld */,
			);
			path = "Daily Inspo Tiff";
			sourceTree = "<group>";
		};
/* End PBXGroup section */

/* Begin PBXNativeTarget section */
		CC8FCDF422DF8AB900550D3A /* Daily Inspo Tiff */ = {
			isa = PBXNativeTarget;
			buildConfigurationList = CC8FCE0A22DF8AC000550D3A /* Build configuration list for PBXNativeTarget "Daily Inspo Tiff" */;
			buildPhases = (
				CC8FCDF122DF8AB900550D3A /* Sources */,
				CC8FCDF222DF8AB900550D3A /* Frameworks */,
				CC8FCDF322DF8AB900550D3A /* Resources */,
			);
			buildRules = (
			);
			dependencies = (
			);
			name = "Daily Inspo Tiff";
			productName = "Daily Inspo Tiff";
			productReference = CC8FCDF522DF8AB900550D3A /* Daily Inspo Tiff.app */;
			productType = "com.apple.product-type.application";
		};
/* End PBXNativeTarget section */

/* Begin PBXProject section */
		CC8FCDED22DF8AB900550D3A /* Project object */ = {
			isa = PBXProject;
			attributes = {
				LastSwiftUpdateCheck = 1010;
				LastUpgradeCheck = 1010;
				ORGANIZATIONNAME = "Girls Who Code";
				TargetAttributes = {
					CC8FCDF422DF8AB900550D3A = {
						CreatedOnToolsVersion = 10.1;
					};
				};
			};
			buildConfigurationList = CC8FCDF022DF8AB900550D3A /* Build configuration list for PBXProject "Daily Inspo Tiff" */;
			compatibilityVersion = "Xcode 9.3";
			developmentRegion = en;
			hasScannedForEncodings = 0;
			knownRegions = (
				en,
				Base,
			);
			mainGroup = CC8FCDEC22DF8AB900550D3A;
			productRefGroup = CC8FCDF622DF8AB900550D3A /* Products */;
			projectDirPath = "";
			projectRoot = "";
			targets = (
				CC8FCDF422DF8AB900550D3A /* Daily Inspo Tiff */,
			);
		};
/* End PBXProject section */

/* Begin PBXResourcesBuildPhase section */
		CC8FCDF322DF8AB900550D3A /* Resources */ = {
			isa = PBXResourcesBuildPhase;
			buildActionMask = 2147483647;
			files = (
				CC8FCE0622DF8AC000550D3A /* LaunchScreen.storyboard in Resources */,
				CC8FCE0322DF8AC000550D3A /* Assets.xcassets in Resources */,
				CC8FCDFE22DF8AB900550D3A /* Main.storyboard in Resources */,
			);
			runOnlyForDeploymentPostprocessing = 0;
		};
/* End PBXResourcesBuildPhase section */

/* Begin PBXSourcesBuildPhase section */
		CC8FCDF122DF8AB900550D3A /* Sources */ = {
			isa = PBXSourcesBuildPhase;
			buildActionMask = 2147483647;
			files = (
				CC8FCDFB22DF8AB900550D3A /* ViewController.swift in Sources */,
				CC8FCDF922DF8AB900550D3A /* AppDelegate.swift in Sources */,
				CC8FCE0122DF8AB900550D3A /* Daily_Inspo_Tiff.xcdatamodeld in Sources */,
			);
			runOnlyForDeploymentPostprocessing = 0;
		};
/* End PBXSourcesBuildPhase section */

/* Begin PBXVariantGroup section */
		CC8FCDFC22DF8AB900550D3A /* Main.storyboard */ = {
			isa = PBXVariantGroup;
			children = (
				CC8FCDFD22DF8AB900550D3A /* Base */,
			);
			name = Main.storyboard;
			sourceTree = "<group>";
		};
		CC8FCE0422DF8AC000550D3A /* LaunchScreen.storyboard */ = {
			isa = PBXVariantGroup;
			children = (
				CC8FCE0522DF8AC000550D3A /* Base */,
			);
			name = LaunchScreen.storyboard;
			sourceTree = "<group>";
		};
/* End PBXVariantGroup section */

/* Begin XCBuildConfiguration section */
		CC8FCE0822DF8AC000550D3A /* Debug */ = {
			isa = XCBuildConfiguration;
			buildSettings = {
				ALWAYS_SEARCH_USER_PATHS = NO;
				CLANG_ANALYZER_NONNULL = YES;
				CLANG_ANALYZER_NUMBER_OBJECT_CONVERSION = YES_AGGRESSIVE;
				CLANG_CXX_LANGUAGE_STANDARD = "gnu++14";
				CLANG_CXX_LIBRARY = "libc++";
				CLANG_ENABLE_MODULES = YES;
				CLANG_ENABLE_OBJC_ARC = YES;
				CLANG_ENABLE_OBJC_WEAK = YES;
				CLANG_WARN_BLOCK_CAPTURE_AUTORELEASING = YES;
				CLANG_WARN_BOOL_CONVERSION = YES;
				CLANG_WARN_COMMA = YES;
				CLANG_WARN_CONSTANT_CONVERSION = YES;
				CLANG_WARN_DEPRECATED_OBJC_IMPLEMENTATIONS = YES;
				CLANG_WARN_DIRECT_OBJC_ISA_USAGE = YES_ERROR;
				CLANG_WARN_DOCUMENTATION_COMMENTS = YES;
				CLANG_WARN_EMPTY_BODY = YES;
				CLANG_WARN_ENUM_CONVERSION = YES;
				CLANG_WARN_INFINITE_RECURSION = YES;
				CLANG_WARN_INT_CONVERSION = YES;
				CLANG_WARN_NON_LITERAL_NULL_CONVERSION = YES;
				CLANG_WARN_OBJC_IMPLICIT_RETAIN_SELF = YES;
				CLANG_WARN_OBJC_LITERAL_CONVERSION = YES;
				CLANG_WARN_OBJC_ROOT_CLASS = YES_ERROR;
				CLANG_WARN_RANGE_LOOP_ANALYSIS = YES;
				CLANG_WARN_STRICT_PROTOTYPES = YES;
				CLANG_WARN_SUSPICIOUS_MOVE = YES;
				CLANG_WARN_UNGUARDED_AVAILABILITY = YES_AGGRESSIVE;
				CLANG_WARN_UNREACHABLE_CODE = YES;
				CLANG_WARN__DUPLICATE_METHOD_MATCH = YES;
				CODE_SIGN_IDENTITY = "iPhone Developer";
				COPY_PHASE_STRIP = NO;
				DEBUG_INFORMATION_FORMAT = dwarf;
				ENABLE_STRICT_OBJC_MSGSEND = YES;
				ENABLE_TESTABILITY = YES;
				GCC_C_LANGUAGE_STANDARD = gnu11;
				GCC_DYNAMIC_NO_PIC = NO;
				GCC_NO_COMMON_BLOCKS = YES;
				GCC_OPTIMIZATION_LEVEL = 0;
				GCC_PREPROCESSOR_DEFINITIONS = (
					"DEBUG=1",
					"$(inherited)",
				);
				GCC_WARN_64_TO_32_BIT_CONVERSION = YES;
				GCC_WARN_ABOUT_RETURN_TYPE = YES_ERROR;
				GCC_WARN_UNDECLARED_SELECTOR = YES;
				GCC_WARN_UNINITIALIZED_AUTOS = YES_AGGRESSIVE;
				GCC_WARN_UNUSED_FUNCTION = YES;
				GCC_WARN_UNUSED_VARIABLE = YES;
				IPHONEOS_DEPLOYMENT_TARGET = 12.1;
				MTL_ENABLE_DEBUG_INFO = INCLUDE_SOURCE;
				MTL_FAST_MATH = YES;
				ONLY_ACTIVE_ARCH = YES;
				SDKROOT = iphoneos;
				SWIFT_ACTIVE_COMPILATION_CONDITIONS = DEBUG;
				SWIFT_OPTIMIZATION_LEVEL = "-Onone";
			};
			name = Debug;
		};
		CC8FCE0922DF8AC000550D3A /* Release */ = {
			isa = XCBuildConfiguration;
			buildSettings = {
				ALWAYS_SEARCH_USER_PATHS = NO;
				CLANG_ANALYZER_NONNULL = YES;
				CLANG_ANALYZER_NUMBER_OBJECT_CONVERSION = YES_AGGRESSIVE;
				CLANG_CXX_LANGUAGE_STANDARD = "gnu++14";
				CLANG_CXX_LIBRARY = "libc++";
				CLANG_ENABLE_MODULES = YES;
				CLANG_ENABLE_OBJC_ARC = YES;
				CLANG_ENABLE_OBJC_WEAK = YES;
				CLANG_WARN_BLOCK_CAPTURE_AUTORELEASING = YES;
				CLANG_WARN_BOOL_CONVERSION = YES;
				CLANG_WARN_COMMA = YES;
				CLANG_WARN_CONSTANT_CONVERSION = YES;
				CLANG_WARN_DEPRECATED_OBJC_IMPLEMENTATIONS = YES;
				CLANG_WARN_DIRECT_OBJC_ISA_USAGE = YES_ERROR;
				CLANG_WARN_DOCUMENTATION_COMMENTS = YES;
				CLANG_WARN_EMPTY_BODY = YES;
				CLANG_WARN_ENUM_CONVERSION = YES;
				CLANG_WARN_INFINITE_RECURSION = YES;
				CLANG_WARN_INT_CONVERSION = YES;
				CLANG_WARN_NON_LITERAL_NULL_CONVERSION = YES;
				CLANG_WARN_OBJC_IMPLICIT_RETAIN_SELF = YES;
				CLANG_WARN_OBJC_LITERAL_CONVERSION = YES;
				CLANG_WARN_OBJC_ROOT_CLASS = YES_ERROR;
				CLANG_WARN_RANGE_LOOP_ANALYSIS = YES;
				CLANG_WARN_STRICT_PROTOTYPES = YES;
				CLANG_WARN_SUSPICIOUS_MOVE = YES;
				CLANG_WARN_UNGUARDED_AVAILABILITY = YES_AGGRESSIVE;
				CLANG_WARN_UNREACHABLE_CODE = YES;
				CLANG_WARN__DUPLICATE_METHOD_MATCH = YES;
				CODE_SIGN_IDENTITY = "iPhone Developer";
				COPY_PHASE_STRIP = NO;
				DEBUG_INFORMATION_FORMAT = "dwarf-with-dsym";
				ENABLE_NS_ASSERTIONS = NO;
				ENABLE_STRICT_OBJC_MSGSEND = YES;
				GCC_C_LANGUAGE_STANDARD = gnu11;
				GCC_NO_COMMON_BLOCKS = YES;
				GCC_WARN_64_TO_32_BIT_CONVERSION = YES;
				GCC_WARN_ABOUT_RETURN_TYPE = YES_ERROR;
				GCC_WARN_UNDECLARED_SELECTOR = YES;
				GCC_WARN_UNINITIALIZED_AUTOS = YES_AGGRESSIVE;
				GCC_WARN_UNUSED_FUNCTION = YES;
				GCC_WARN_UNUSED_VARIABLE = YES;
				IPHONEOS_DEPLOYMENT_TARGET = 12.1;
				MTL_ENABLE_DEBUG_INFO = NO;
				MTL_FAST_MATH = YES;
				SDKROOT = iphoneos;
				SWIFT_COMPILATION_MODE = wholemodule;
				SWIFT_OPTIMIZATION_LEVEL = "-O";
				VALIDATE_PRODUCT = YES;
			};
			name = Release;
		};
		CC8FCE0B22DF8AC000550D3A /* Debug */ = {
			isa = XCBuildConfiguration;
			buildSettings = {
				ASSETCATALOG_COMPILER_APPICON_NAME = AppIcon;
				CODE_SIGN_STYLE = Automatic;
				DEVELOPMENT_TEAM = CVDXJ6A3A3;
				INFOPLIST_FILE = "Daily Inspo Tiff/Info.plist";
				LD_RUNPATH_SEARCH_PATHS = (
					"$(inherited)",
					"@executable_path/Frameworks",
				);
				PRODUCT_BUNDLE_IDENTIFIER = "Tiffany.Daily-Inspo-Tiff";
				PRODUCT_NAME = "$(TARGET_NAME)";
				SWIFT_VERSION = 4.2;
				TARGETED_DEVICE_FAMILY = "1,2";
			};
			name = Debug;
		};
		CC8FCE0C22DF8AC000550D3A /* Release */ = {
			isa = XCBuildConfiguration;
			buildSettings = {
				ASSETCATALOG_COMPILER_APPICON_NAME = AppIcon;
				CODE_SIGN_STYLE = Automatic;
				DEVELOPMENT_TEAM = CVDXJ6A3A3;
				INFOPLIST_FILE = "Daily Inspo Tiff/Info.plist";
				LD_RUNPATH_SEARCH_PATHS = (
					"$(inherited)",
					"@executable_path/Frameworks",
				);
				PRODUCT_BUNDLE_IDENTIFIER = "Tiffany.Daily-Inspo-Tiff";
				PRODUCT_NAME = "$(TARGET_NAME)";
				SWIFT_VERSION = 4.2;
				TARGETED_DEVICE_FAMILY = "1,2";
			};
			name = Release;
		};
/* End XCBuildConfiguration section */

/* Begin XCConfigurationList section */
		CC8FCDF022DF8AB900550D3A /* Build configuration list for PBXProject "Daily Inspo Tiff" */ = {
			isa = XCConfigurationList;
			buildConfigurations = (
				CC8FCE0822DF8AC000550D3A /* Debug */,
				CC8FCE0922DF8AC000550D3A /* Release */,
			);
			defaultConfigurationIsVisible = 0;
			defaultConfigurationName = Release;
		};
		CC8FCE0A22DF8AC000550D3A /* Build configuration list for PBXNativeTarget "Daily Inspo Tiff" */ = {
			isa = XCConfigurationList;
			buildConfigurations = (
				CC8FCE0B22DF8AC000550D3A /* Debug */,
				CC8FCE0C22DF8AC000550D3A /* Release */,
			);
			defaultConfigurationIsVisible = 0;
			defaultConfigurationName = Release;
		};
/* End XCConfigurationList section */

/* Begin XCVersionGroup section */
		CC8FCDFF22DF8AB900550D3A /* Daily_Inspo_Tiff.xcdatamodeld */ = {
			isa = XCVersionGroup;
			children = (
				CC8FCE0022DF8AB900550D3A /* Daily_Inspo_Tiff.xcdatamodel */,
			);
			currentVersion = CC8FCE0022DF8AB900550D3A /* Daily_Inspo_Tiff.xcdatamodel */;
			path = Daily_Inspo_Tiff.xcdatamodeld;
			sourceTree = "<group>";
			versionGroupType = wrapper.xcdatamodel;
		};
/* End XCVersionGroup section */
	};
	rootObject = CC8FCDED22DF8AB900550D3A /* Project object */;
}
